
Microsoft Visual Studio Solution File, Format Version 12.00
# Visual Studio Version 16
VisualStudioVersion = 16.0.29102.190
MinimumVisualStudioVersion = 10.0.40219.1
Project("{9A19103F-16F7-4668-BE54-9A1E7A4F7556}") = "GrpcServer", "GrpcServer\GrpcServer.csproj", "{4A3CBB98-9662-46D9-A95C-6AB5301B43EC}"
EndProject
Project("{9A19103F-16F7-4668-BE54-9A1E7A4F7556}") = "GrpcClient", "GrpcClient\GrpcClient.csproj", "{C537E744-4EA9-487D-8BFE-07CD10FF2EE7}"
EndProject
Project("{2150E333-8FDC-42A3-9474-1A3956D46DE8}") = "Helpers", "Helpers", "{78F85BA6-C9DC-4885-A5EE-5F28B2521768}"
EndProject
Project("{9A19103F-16F7-4668-BE54-9A1E7A4F7556}") = "GrpcServerHelper", "Helpers\GrpcServerHelper\GrpcServerHelper.csproj", "{E35F02A8-01E6-4B5E-85FB-36CBD326048B}"
EndProject
Project("{9A19103F-16F7-4668-BE54-9A1E7A4F7556}") = "GrpcClientHelper", "Helpers\GrpcClientHelper\GrpcClientHelper.csproj", "{8F4BEEB5-430A-4511-9B58-A9112D5518B4}"
EndProject
Global
	GlobalSection(SolutionConfigurationPlatforms) = preSolution
		Debug|Any CPU = Debug|Any CPU
		Release|Any CPU = Release|Any CPU
	EndGlobalSection
	GlobalSection(ProjectConfigurationPlatforms) = postSolution
		{4A3CBB98-9662-46D9-A95C-6AB5301B43EC}.Debug|Any CPU.ActiveCfg = Debug|Any CPU
		{4A3CBB98-9662-46D9-A95C-6AB5301B43EC}.Debug|Any CPU.Build.0 = Debug|Any CPU
		{4A3CBB98-9662-46D9-A95C-6AB5301B43EC}.Release|Any CPU.ActiveCfg = Release|Any CPU
		{4A3CBB98-9662-46D9-A95C-6AB5301B43EC}.Release|Any CPU.Build.0 = Release|Any CPU
		{C537E744-4EA9-487D-8BFE-07CD10FF2EE7}.Debug|Any CPU.ActiveCfg = Debug|Any CPU
		{C537E744-4EA9-487D-8BFE-07CD10FF2EE7}.Debug|Any CPU.Build.0 = Debug|Any CPU
		{C537E744-4EA9-487D-8BFE-07CD10FF2EE7}.Release|Any CPU.ActiveCfg = Release|Any CPU
		{C537E744-4EA9-487D-8BFE-07CD10FF2EE7}.Release|Any CPU.Build.0 = Release|Any CPU
		{E35F02A8-01E6-4B5E-85FB-36CBD326048B}.Debug|Any CPU.ActiveCfg = Debug|Any CPU
		{E35F02A8-01E6-4B5E-85FB-36CBD326048B}.Debug|Any CPU.Build.0 = Debug|Any CPU
		{E35F02A8-01E6-4B5E-85FB-36CBD326048B}.Release|Any CPU.ActiveCfg = Release|Any CPU
		{E35F02A8-01E6-4B5E-85FB-36CBD326048B}.Release|Any CPU.Build.0 = Release|Any CPU
		{8F4BEEB5-430A-4511-9B58-A9112D5518B4}.Debug|Any CPU.ActiveCfg = Debug|Any CPU
		{8F4BEEB5-430A-4511-9B58-A9112D5518B4}.Debug|Any CPU.Build.0 = Debug|Any CPU
		{8F4BEEB5-430A-4511-9B58-A9112D5518B4}.Release|Any CPU.ActiveCfg = Release|Any CPU
		{8F4BEEB5-430A-4511-9B58-A9112D5518B4}.Release|Any CPU.Build.0 = Release|Any CPU
	EndGlobalSection
	GlobalSection(SolutionProperties) = preSolution
		HideSolutionNode = FALSE
	EndGlobalSection
	GlobalSection(NestedProjects) = preSolution
		{E35F02A8-01E6-4B5E-85FB-36CBD326048B} = {78F85BA6-C9DC-4885-A5EE-5F28B2521768}
		{8F4BEEB5-430A-4511-9B58-A9112D5518B4} = {78F85BA6-C9DC-4885-A5EE-5F28B2521768}
	EndGlobalSection
	GlobalSection(ExtensibilityGlobals) = postSolution
		SolutionGuid = {08E9AC60-C2DF-40D6-9693-D1DA631036E9}
	EndGlobalSection
EndGlobal
